
Microsoft Visual Studio Solution File, Format Version 12.00
# Visual Studio Version 17
VisualStudioVersion = 17.2.32519.379
MinimumVisualStudioVersion = 10.0.40219.1
Project("{FAE04EC0-301F-11D3-BF4B-00C04F79EFBC}") = "labyrinth", "labyrinth.csproj", "{688F078C-CE69-462E-A84A-58FE0658665C}"
EndProject
Global
	GlobalSection(SolutionConfigurationPlatforms) = preSolution
		Debug|Any CPU = Debug|Any CPU
		Release|Any CPU = Release|Any CPU
	EndGlobalSection
	GlobalSection(ProjectConfigurationPlatforms) = postSolution
		{688F078C-CE69-462E-A84A-58FE0658665C}.Debug|Any CPU.ActiveCfg = Debug|Any CPU
		{688F078C-CE69-462E-A84A-58FE0658665C}.Debug|Any CPU.Build.0 = Debug|Any CPU
		{688F078C-CE69-462E-A84A-58FE0658665C}.Release|Any CPU.ActiveCfg = Release|Any CPU
		{688F078C-CE69-462E-A84A-58FE0658665C}.Release|Any CPU.Build.0 = Release|Any CPU
	EndGlobalSection
	GlobalSection(SolutionProperties) = preSolution
		HideSolutionNode = FALSE
	EndGlobalSection
	GlobalSection(ExtensibilityGlobals) = postSolution
		SolutionGuid = {AF4BAE62-9493-47D7-BAE5-49D7E6200BAA}
	EndGlobalSection
EndGlobal
